
Microsoft Visual Studio Solution File, Format Version 12.00
# Visual Studio Version 17
VisualStudioVersion = 17.14.36414.22 d17.14
MinimumVisualStudioVersion = 10.0.40219.1
Project("{FAE04EC0-301F-11D3-BF4B-00C04F79EFBC}") = "McMillan-Heather-A3-BunnyBrawl", "McMillan-Heather-A3-BunnyBrawl.csproj", "{B67CDE7A-4D01-4FE3-9796-90D532FE37AF}"
EndProject
Global
	GlobalSection(SolutionConfigurationPlatforms) = preSolution
		Debug|Any CPU = Debug|Any CPU
		Release|Any CPU = Release|Any CPU
	EndGlobalSection
	GlobalSection(ProjectConfigurationPlatforms) = postSolution
		{B67CDE7A-4D01-4FE3-9796-90D532FE37AF}.Debug|Any CPU.ActiveCfg = Debug|Any CPU
		{B67CDE7A-4D01-4FE3-9796-90D532FE37AF}.Debug|Any CPU.Build.0 = Debug|Any CPU
		{B67CDE7A-4D01-4FE3-9796-90D532FE37AF}.Release|Any CPU.ActiveCfg = Release|Any CPU
		{B67CDE7A-4D01-4FE3-9796-90D532FE37AF}.Release|Any CPU.Build.0 = Release|Any CPU
	EndGlobalSection
	GlobalSection(SolutionProperties) = preSolution
		HideSolutionNode = FALSE
	EndGlobalSection
	GlobalSection(ExtensibilityGlobals) = postSolution
		SolutionGuid = {3F56006F-0D9F-434B-9A16-91281A583A74}
	EndGlobalSection
EndGlobal
